<?xml version="1.0" encoding="utf-8"?>
<Project ToolsVersion="4.0" xmlns="http://schemas.microsoft.com/developer/msbuild/2003">
  <ItemGroup>
    <Filter Include="Source Files">
      <UniqueIdentifier>{4FC737F1-C7A5-4376-A066-2A32D752A2FF}</UniqueIdentifier>
      <Extensions>cpp;c;cc;cxx;def;odl;idl;hpj;bat;asm;asmx</Extensions>
    </Filter>
    <Filter Include="Header Files">
      <UniqueIdentifier>{93995380-89BD-4b04-88EB-625FBE52EBFB}</UniqueIdentifier>
      <Extensions>h;hpp;hxx;hm;inl;inc;xsd</Extensions>
    </Filter>
    <Filter Include="Resource Files">
      <UniqueIdentifier>{67DA6AB6-F800-4c08-8B7A-83BB121AAD01}</UniqueIdentifier>
      <Extensions>rc;ico;cur;bmp;dlg;rc2;rct;bin;rgs;gif;jpg;jpeg;jpe;resx;tiff;tif;png;wav;mfcribbon-ms</Extensions>
    </Filter>
  </ItemGroup>
  <ItemGroup>
    <ClCompile Include="working\Admin.cpp">
      <Filter>Source Files</Filter>
    </ClCompile>
    <ClCompile Include="working\AtaDrive.cpp">
      <Filter>Source Files</Filter>
    </ClCompile>
    <ClCompile Include="working\ByteTable.cpp">
      <Filter>Source Files</Filter>
    </ClCompile>
    <ClCompile Include="working\CryptInfo.cpp">
      <Filter>Source Files</Filter>
    </ClCompile>
    <ClCompile Include="working\GetByteTable.cpp">
      <Filter>Source Files</Filter>
    </ClCompile>
    <ClCompile Include="working\GetRange.cpp">
      <Filter>Source Files</Filter>
    </ClCompile>
    <ClCompile Include="working\GetSp.cpp">
      <Filter>Source Files</Filter>
    </ClCompile>
    <ClCompile Include="working\GetTable.cpp">
      <Filter>Source Files</Filter>
    </ClCompile>
    <ClCompile Include="working\GetUser.cpp">
      <Filter>Source Files</Filter>
    </ClCompile>
    <ClCompile Include="working\Level0.cpp">
      <Filter>Source Files</Filter>
    </ClCompile>
    <ClCompile Include="working\Main.cpp">
      <Filter>Source Files</Filter>
    </ClCompile>
    <ClCompile Include="working\MbrControl.cpp">
      <Filter>Source Files</Filter>
    </ClCompile>
    <ClCompile Include="working\Memory.cpp">
      <Filter>Source Files</Filter>
    </ClCompile>
    <ClCompile Include="working\Msid.cpp">
      <Filter>Source Files</Filter>
    </ClCompile>
    <ClCompile Include="working\Progress.cpp">
      <Filter>Source Files</Filter>
    </ClCompile>
    <ClCompile Include="working\Random.cpp">
      <Filter>Source Files</Filter>
    </ClCompile>
    <ClCompile Include="working\Ranges.cpp">
      <Filter>Source Files</Filter>
    </ClCompile>
    <ClCompile Include="working\SpManagement.cpp">
      <Filter>Source Files</Filter>
    </ClCompile>
    <ClCompile Include="working\TableDisplay.cpp">
      <Filter>Source Files</Filter>
    </ClCompile>
    <ClCompile Include="working\TcgExplorer.cpp">
      <Filter>Source Files</Filter>
    </ClCompile>
    <ClCompile Include="working\TestPassword.cpp">
      <Filter>Source Files</Filter>
    </ClCompile>
    <ClCompile Include="working\Token.cpp">
      <Filter>Source Files</Filter>
    </ClCompile>
    <ClCompile Include="working\Uid.cpp">
      <Filter>Source Files</Filter>
    </ClCompile>
    <ClCompile Include="working\Users.cpp">
      <Filter>Source Files</Filter>
    </ClCompile>
    <ClCompile Include="working\Table.cpp">
      <Filter>Source Files</Filter>
    </ClCompile>
    <ClCompile Include="working\Tcg.cpp">
      <Filter>Source Files</Filter>
    </ClCompile>
    <ClCompile Include="working\ChangePassword.cpp">
      <Filter>Source Files</Filter>
    </ClCompile>
    <ClCompile Include="working\stdafx.cpp">
      <Filter>Source Files</Filter>
    </ClCompile>
    <ClCompile Include="working\Utilities.cpp">
      <Filter>Source Files</Filter>
    </ClCompile>
  </ItemGroup>
  <ItemGroup>
    <ClInclude Include="working\Admin.h">
      <Filter>Header Files</Filter>
    </ClInclude>
    <ClInclude Include="working\AtaDrive.h">
      <Filter>Header Files</Filter>
    </ClInclude>
    <ClInclude Include="working\ByteTable.h">
      <Filter>Header Files</Filter>
    </ClInclude>
    <ClInclude Include="working\ChangePassword.h">
      <Filter>Header Files</Filter>
    </ClInclude>
    <ClInclude Include="working\CryptInfo.h">
      <Filter>Header Files</Filter>
    </ClInclude>
    <ClInclude Include="working\GetByteTable.h">
      <Filter>Header Files</Filter>
    </ClInclude>
    <ClInclude Include="working\GetRange.h">
      <Filter>Header Files</Filter>
    </ClInclude>
    <ClInclude Include="working\GetSp.h">
      <Filter>Header Files</Filter>
    </ClInclude>
    <ClInclude Include="working\GetTable.h">
      <Filter>Header Files</Filter>
    </ClInclude>
    <ClInclude Include="working\GetUser.h">
      <Filter>Header Files</Filter>
    </ClInclude>
    <ClInclude Include="working\Level0.h">
      <Filter>Header Files</Filter>
    </ClInclude>
    <ClInclude Include="working\MbrControl.h">
      <Filter>Header Files</Filter>
    </ClInclude>
    <ClInclude Include="working\Memory.h">
      <Filter>Header Files</Filter>
    </ClInclude>
    <ClInclude Include="working\Msid.h">
      <Filter>Header Files</Filter>
    </ClInclude>
    <ClInclude Include="working\Packet.h">
      <Filter>Header Files</Filter>
    </ClInclude>
    <ClInclude Include="working\PassThrough.h">
      <Filter>Header Files</Filter>
    </ClInclude>
    <ClInclude Include="working\Progress.h">
      <Filter>Header Files</Filter>
    </ClInclude>
    <ClInclude Include="working\Random.h">
      <Filter>Header Files</Filter>
    </ClInclude>
    <ClInclude Include="working\Ranges.h">
      <Filter>Header Files</Filter>
    </ClInclude>
    <ClInclude Include="working\resource.h">
      <Filter>Header Files</Filter>
    </ClInclude>
    <ClInclude Include="working\SpManagement.h">
      <Filter>Header Files</Filter>
    </ClInclude>
    <ClInclude Include="working\Table.h">
      <Filter>Header Files</Filter>
    </ClInclude>
    <ClInclude Include="working\TableDisplay.h">
      <Filter>Header Files</Filter>
    </ClInclude>
    <ClInclude Include="working\targetver.h">
      <Filter>Header Files</Filter>
    </ClInclude>
    <ClInclude Include="working\Tcg.h">
      <Filter>Header Files</Filter>
    </ClInclude>
    <ClInclude Include="working\TcgExplorer.h">
      <Filter>Header Files</Filter>
    </ClInclude>
    <ClInclude Include="working\TestPassword.h">
      <Filter>Header Files</Filter>
    </ClInclude>
    <ClInclude Include="working\Token.h">
      <Filter>Header Files</Filter>
    </ClInclude>
    <ClInclude Include="working\Uid.h">
      <Filter>Header Files</Filter>
    </ClInclude>
    <ClInclude Include="working\Users.h">
      <Filter>Header Files</Filter>
    </ClInclude>
    <ClInclude Include="working\stdafx.h">
      <Filter>Header Files</Filter>
    </ClInclude>
    <ClInclude Include="working\Storage.h">
      <Filter>Header Files</Filter>
    </ClInclude>
    <ClInclude Include="working\Utilities.h">
      <Filter>Header Files</Filter>
    </ClInclude>
    <ClInclude Include="working\debugTrace.h">
      <Filter>Header Files</Filter>
    </ClInclude>
  </ItemGroup>
  <ItemGroup>
    <ResourceCompile Include="working\OpalTool.rc">
      <Filter>Resource Files</Filter>
    </ResourceCompile>
  </ItemGroup>
</Project>