<?xml version="1.0" encoding="utf-8"?>
<Project ToolsVersion="4.0" xmlns="http://schemas.microsoft.com/developer/msbuild/2003">
  <ItemGroup>
    <Filter Include="Source Files">
      <UniqueIdentifier>{4FC737F1-C7A5-4376-A066-2A32D752A2FF}</UniqueIdentifier>
      <Extensions>cpp;c;cc;cxx;def;odl;idl;hpj;bat;asm;asmx</Extensions>
    </Filter>
    <Filter Include="Header Files">
      <UniqueIdentifier>{93995380-89BD-4b04-88EB-625FBE52EBFB}</UniqueIdentifier>
      <Extensions>h;hpp;hxx;hm;inl;inc;xsd</Extensions>
    </Filter>
    <Filter Include="Resource Files">
      <UniqueIdentifier>{67DA6AB6-F800-4c08-8B7A-83BB121AAD01}</UniqueIdentifier>
      <Extensions>rc;ico;cur;bmp;dlg;rc2;rct;bin;rgs;gif;jpg;jpeg;jpe;resx;tiff;tif;png;wav;mfcribbon-ms</Extensions>
    </Filter>
  </ItemGroup>
  <ItemGroup>
    <None Include="ReadMe.txt" />
  </ItemGroup>
  <ItemGroup>
    <ClInclude Include="stdafx.h">
      <Filter>Header Files</Filter>
    </ClInclude>
    <ClInclude Include="targetver.h">
      <Filter>Header Files</Filter>
    </ClInclude>
    <ClInclude Include="CommandArguments.h">
      <Filter>Header Files</Filter>
    </ClInclude>
    <ClInclude Include="TableDisplayC.h">
      <Filter>Header Files</Filter>
    </ClInclude>
    <ClInclude Include="ByteTableC.h">
      <Filter>Header Files</Filter>
    </ClInclude>
    <ClInclude Include="DriveC.h">
      <Filter>Header Files</Filter>
    </ClInclude>
    <ClInclude Include="UtilitiesC.h">
      <Filter>Header Files</Filter>
    </ClInclude>
    <ClInclude Include="..\OpalToolA\working\GetRange.h">
      <Filter>Header Files</Filter>
    </ClInclude>
    <ClInclude Include="..\OpalToolA\working\Tcg.h">
      <Filter>Header Files</Filter>
    </ClInclude>
    <ClInclude Include="OpalToolC_API.h">
      <Filter>Header Files</Filter>
    </ClInclude>
  </ItemGroup>
  <ItemGroup>
    <ClCompile Include="stdafx.cpp">
      <Filter>Source Files</Filter>
    </ClCompile>
    <ClCompile Include="OpalToolC.cpp">
      <Filter>Source Files</Filter>
    </ClCompile>
    <ClCompile Include="..\OpalToolA\working\Memory.cpp">
      <Filter>Source Files</Filter>
    </ClCompile>
    <ClCompile Include="..\OpalToolA\working\Admin.cpp">
      <Filter>Source Files</Filter>
    </ClCompile>
    <ClCompile Include="..\OpalToolA\working\AtaDrive.cpp">
      <Filter>Source Files</Filter>
    </ClCompile>
    <ClCompile Include="..\OpalToolA\working\Tcg.cpp">
      <Filter>Source Files</Filter>
    </ClCompile>
    <ClCompile Include="..\OpalToolA\working\Table.cpp">
      <Filter>Source Files</Filter>
    </ClCompile>
    <ClCompile Include="..\OpalToolA\working\Token.cpp">
      <Filter>Source Files</Filter>
    </ClCompile>
    <ClCompile Include="..\OpalToolA\working\Uid.cpp">
      <Filter>Source Files</Filter>
    </ClCompile>
    <ClCompile Include="CommandArguments.cpp">
      <Filter>Source Files</Filter>
    </ClCompile>
    <ClCompile Include="..\OpalToolA\working\Level0.cpp">
      <Filter>Source Files</Filter>
    </ClCompile>
    <ClCompile Include="TableDisplayC.cpp">
      <Filter>Source Files</Filter>
    </ClCompile>
    <ClCompile Include="..\OpalToolA\working\GetSp.cpp">
      <Filter>Source Files</Filter>
    </ClCompile>
    <ClCompile Include="..\OpalToolA\working\GetUser.cpp">
      <Filter>Source Files</Filter>
    </ClCompile>
    <ClCompile Include="..\OpalToolA\working\Utilities.cpp">
      <Filter>Source Files</Filter>
    </ClCompile>
    <ClCompile Include="ByteTableC.cpp">
      <Filter>Source Files</Filter>
    </ClCompile>
    <ClCompile Include="DriveC.cpp">
      <Filter>Source Files</Filter>
    </ClCompile>
    <ClCompile Include="UtilitiesC.cpp">
      <Filter>Source Files</Filter>
    </ClCompile>
    <ClCompile Include="..\OpalToolA\working\ChangePassword.cpp">
      <Filter>Source Files</Filter>
    </ClCompile>
    <ClCompile Include="..\OpalToolA\working\GetRange.cpp">
      <Filter>Source Files</Filter>
    </ClCompile>
    <ClCompile Include="..\OpalToolA\working\TestPassword.cpp">
      <Filter>Source Files</Filter>
    </ClCompile>
    <ClCompile Include="OpalToolC_API.cpp">
      <Filter>Source Files</Filter>
    </ClCompile>
  </ItemGroup>
</Project>